
Microsoft Visual Studio Solution File, Format Version 12.00
# Visual Studio 15
VisualStudioVersion = 15.0.26430.6
MinimumVisualStudioVersion = 10.0.40219.1
Project("{FAE04EC0-301F-11D3-BF4B-00C04F79EFBC}") = "Atendimento.Api", "Atendimento\Atendimento.Api.csproj", "{DC2949AA-EF0D-4A20-B187-4B25EC87D289}"
EndProject
Project("{FAE04EC0-301F-11D3-BF4B-00C04F79EFBC}") = "Atendimento.Dominio", "Atendimento.Dominio\Atendimento.Dominio.csproj", "{A0501C59-2357-4CE8-9666-9A9A924685FC}"
EndProject
Project("{FAE04EC0-301F-11D3-BF4B-00C04F79EFBC}") = "Atendimento.Infraestrutura", "Atendimento.Repositorio\Atendimento.Infraestrutura.csproj", "{306ED384-7449-44DF-9075-C64C51EC1714}"
EndProject
Global
	GlobalSection(SolutionConfigurationPlatforms) = preSolution
		Debug|Any CPU = Debug|Any CPU
		Release|Any CPU = Release|Any CPU
	EndGlobalSection
	GlobalSection(ProjectConfigurationPlatforms) = postSolution
		{DC2949AA-EF0D-4A20-B187-4B25EC87D289}.Debug|Any CPU.ActiveCfg = Debug|Any CPU
		{DC2949AA-EF0D-4A20-B187-4B25EC87D289}.Debug|Any CPU.Build.0 = Debug|Any CPU
		{DC2949AA-EF0D-4A20-B187-4B25EC87D289}.Release|Any CPU.ActiveCfg = Release|Any CPU
		{DC2949AA-EF0D-4A20-B187-4B25EC87D289}.Release|Any CPU.Build.0 = Release|Any CPU
		{A0501C59-2357-4CE8-9666-9A9A924685FC}.Debug|Any CPU.ActiveCfg = Debug|Any CPU
		{A0501C59-2357-4CE8-9666-9A9A924685FC}.Debug|Any CPU.Build.0 = Debug|Any CPU
		{A0501C59-2357-4CE8-9666-9A9A924685FC}.Release|Any CPU.ActiveCfg = Release|Any CPU
		{A0501C59-2357-4CE8-9666-9A9A924685FC}.Release|Any CPU.Build.0 = Release|Any CPU
		{306ED384-7449-44DF-9075-C64C51EC1714}.Debug|Any CPU.ActiveCfg = Debug|Any CPU
		{306ED384-7449-44DF-9075-C64C51EC1714}.Debug|Any CPU.Build.0 = Debug|Any CPU
		{306ED384-7449-44DF-9075-C64C51EC1714}.Release|Any CPU.ActiveCfg = Release|Any CPU
		{306ED384-7449-44DF-9075-C64C51EC1714}.Release|Any CPU.Build.0 = Release|Any CPU
	EndGlobalSection
	GlobalSection(SolutionProperties) = preSolution
		HideSolutionNode = FALSE
	EndGlobalSection
EndGlobal
